
Microsoft Visual Studio Solution File, Format Version 12.00
# Visual Studio Version 16
VisualStudioVersion = 16.0.30204.135
MinimumVisualStudioVersion = 10.0.40219.1
Project("{FAE04EC0-301F-11D3-BF4B-00C04F79EFBC}") = "In-class-Linq-query-on-Azure", "In-class-Linq-query-on-Azure\In-class-Linq-query-on-Azure.csproj", "{587BC282-2E35-4001-BF53-41EAA5FB1448}"
EndProject
Global
	GlobalSection(SolutionConfigurationPlatforms) = preSolution
		Debug|Any CPU = Debug|Any CPU
		Release|Any CPU = Release|Any CPU
	EndGlobalSection
	GlobalSection(ProjectConfigurationPlatforms) = postSolution
		{587BC282-2E35-4001-BF53-41EAA5FB1448}.Debug|Any CPU.ActiveCfg = Debug|Any CPU
		{587BC282-2E35-4001-BF53-41EAA5FB1448}.Debug|Any CPU.Build.0 = Debug|Any CPU
		{587BC282-2E35-4001-BF53-41EAA5FB1448}.Release|Any CPU.ActiveCfg = Release|Any CPU
		{587BC282-2E35-4001-BF53-41EAA5FB1448}.Release|Any CPU.Build.0 = Release|Any CPU
	EndGlobalSection
	GlobalSection(SolutionProperties) = preSolution
		HideSolutionNode = FALSE
	EndGlobalSection
	GlobalSection(ExtensibilityGlobals) = postSolution
		SolutionGuid = {478926A8-7B1F-4510-91AC-5075DE36C2E7}
	EndGlobalSection
EndGlobal
